// !$*UTF8*$!
{
	archiveVersion = 1;
	classes = {
	};
	objectVersion = 46;
	objects = {

/* Begin PBXBuildFile section */
		58711C501DEBCD6700891132 /* main.m in Sources */ = {isa = PBXBuildFile; fileRef = 58711C4F1DEBCD6700891132 /* main.m */; };
		58711C531DEBCD6700891132 /* AppDelegate.m in Sources */ = {isa = PBXBuildFile; fileRef = 58711C521DEBCD6700891132 /* AppDelegate.m */; };
		58711C561DEBCD6700891132 /* ViewController.m in Sources */ = {isa = PBXBuildFile; fileRef = 58711C551DEBCD6700891132 /* ViewController.m */; };
		58711C591DEBCD6700891132 /* Main.storyboard in Resources */ = {isa = PBXBuildFile; fileRef = 58711C571DEBCD6700891132 /* Main.storyboard */; };
		58711C5B1DEBCD6700891132 /* Assets.xcassets in Resources */ = {isa = PBXBuildFile; fileRef = 58711C5A1DEBCD6700891132 /* Assets.xcassets */; };
		58711C5E1DEBCD6700891132 /* LaunchScreen.storyboard in Resources */ = {isa = PBXBuildFile; fileRef = 58711C5C1DEBCD6700891132 /* LaunchScreen.storyboard */; };
		58711C691DEBCD6700891132 /* CoverFlowTests.m in Sources */ = {isa = PBXBuildFile; fileRef = 58711C681DEBCD6700891132 /* CoverFlowTests.m */; };
		58711C741DEBCD6700891132 /* CoverFlowUITests.m in Sources */ = {isa = PBXBuildFile; fileRef = 58711C731DEBCD6700891132 /* CoverFlowUITests.m */; };
		58711C831DEBCF0F00891132 /* ANCollectionViewCell.m in Sources */ = {isa = PBXBuildFile; fileRef = 58711C821DEBCF0F00891132 /* ANCollectionViewCell.m */; };
		58711C861DEBCF2E00891132 /* ANCollectionViewFlowLayout.m in Sources */ = {isa = PBXBuildFile; fileRef = 58711C851DEBCF2E00891132 /* ANCollectionViewFlowLayout.m */; };
/* End PBXBuildFile section */

/* Begin PBXContainerItemProxy section */
		58711C651DEBCD6700891132 /* PBXContainerItemProxy */ = {
			isa = PBXContainerItemProxy;
			containerPortal = 58711C431DEBCD6700891132 /* Project object */;
			proxyType = 1;
			remoteGlobalIDString = 58711C4A1DEBCD6700891132;
			remoteInfo = CoverFlow;
		};
		58711C701DEBCD6700891132 /* PBXContainerItemProxy */ = {
			isa = PBXContainerItemProxy;
			containerPortal = 58711C431DEBCD6700891132 /* Project object */;
			proxyType = 1;
			remoteGlobalIDString = 58711C4A1DEBCD6700891132;
			remoteInfo = CoverFlow;
		};
/* End PBXContainerItemProxy section */

/* Begin PBXFileReference section */
		58711C4B1DEBCD6700891132 /* CoverFlow.app */ = {isa = PBXFileReference; explicitFileType = wrapper.application; includeInIndex = 0; path = CoverFlow.app; sourceTree = BUILT_PRODUCTS_DIR; };
		58711C4F1DEBCD6700891132 /* main.m */ = {isa = PBXFileReference; lastKnownFileType = sourcecode.c.objc; path = main.m; sourceTree = "<group>"; };
		58711C511DEBCD6700891132 /* AppDelegate.h */ = {isa = PBXFileReference; lastKnownFileType = sourcecode.c.h; path = AppDelegate.h; sourceTree = "<group>"; };
		58711C521DEBCD6700891132 /* AppDelegate.m */ = {isa = PBXFileReference; lastKnownFileType = sourcecode.c.objc; path = AppDelegate.m; sourceTree = "<group>"; };
		58711C541DEBCD6700891132 /* ViewController.h */ = {isa = PBXFileReference; lastKnownFileType = sourcecode.c.h; path = ViewController.h; sourceTree = "<group>"; };
		58711C551DEBCD6700891132 /* ViewController.m */ = {isa = PBXFileReference; lastKnownFileType = sourcecode.c.objc; path = ViewController.m; sourceTree = "<group>"; };
		58711C581DEBCD6700891132 /* Base */ = {isa = PBXFileReference; lastKnownFileType = file.storyboard; name = Base; path = Base.lproj/Main.storyboard; sourceTree = "<group>"; };
		58711C5A1DEBCD6700891132 /* Assets.xcassets */ = {isa = PBXFileReference; lastKnownFileType = folder.assetcatalog; path = Assets.xcassets; sourceTree = "<group>"; };
		58711C5D1DEBCD6700891132 /* Base */ = {isa = PBXFileReference; lastKnownFileType = file.storyboard; name = Base; path = Base.lproj/LaunchScreen.storyboard; sourceTree = "<group>"; };
		58711C5F1DEBCD6700891132 /* Info.plist */ = {isa = PBXFileReference; lastKnownFileType = text.plist.xml; path = Info.plist; sourceTree = "<group>"; };
		58711C641DEBCD6700891132 /* CoverFlowTests.xctest */ = {isa = PBXFileReference; explicitFileType = wrapper.cfbundle; includeInIndex = 0; path = CoverFlowTests.xctest; sourceTree = BUILT_PRODUCTS_DIR; };
		58711C681DEBCD6700891132 /* CoverFlowTests.m */ = {isa = PBXFileReference; lastKnownFileType = sourcecode.c.objc; path = CoverFlowTests.m; sourceTree = "<group>"; };
		58711C6A1DEBCD6700891132 /* Info.plist */ = {isa = PBXFileReference; lastKnownFileType = text.plist.xml; path = Info.plist; sourceTree = "<group>"; };
		58711C6F1DEBCD6700891132 /* CoverFlowUITests.xctest */ = {isa = PBXFileReference; explicitFileType = wrapper.cfbundle; includeInIndex = 0; path = CoverFlowUITests.xctest; sourceTree = BUILT_PRODUCTS_DIR; };
		58711C731DEBCD6700891132 /* CoverFlowUITests.m */ = {isa = PBXFileReference; lastKnownFileType = sourcecode.c.objc; path = CoverFlowUITests.m; sourceTree = "<group>"; };
		58711C751DEBCD6700891132 /* Info.plist */ = {isa = PBXFileReference; lastKnownFileType = text.plist.xml; path = Info.plist; sourceTree = "<group>"; };
		58711C811DEBCF0F00891132 /* ANCollectionViewCell.h */ = {isa = PBXFileReference; fileEncoding = 4; lastKnownFileType = sourcecode.c.h; path = ANCollectionViewCell.h; sourceTree = "<group>"; };
		58711C821DEBCF0F00891132 /* ANCollectionViewCell.m */ = {isa = PBXFileReference; fileEncoding = 4; lastKnownFileType = sourcecode.c.objc; path = ANCollectionViewCell.m; sourceTree = "<group>"; };
		58711C841DEBCF2E00891132 /* ANCollectionViewFlowLayout.h */ = {isa = PBXFileReference; fileEncoding = 4; lastKnownFileType = sourcecode.c.h; path = ANCollectionViewFlowLayout.h; sourceTree = "<group>"; };
		58711C851DEBCF2E00891132 /* ANCollectionViewFlowLayout.m */ = {isa = PBXFileReference; fileEncoding = 4; lastKnownFileType = sourcecode.c.objc; path = ANCollectionViewFlowLayout.m; sourceTree = "<group>"; };
/* End PBXFileReference section */

/* Begin PBXFrameworksBuildPhase section */
		58711C481DEBCD6700891132 /* Frameworks */ = {
			isa = PBXFrameworksBuildPhase;
			buildActionMask = 2147483647;
			files = (
			);
			runOnlyForDeploymentPostprocessing = 0;
		};
		58711C611DEBCD6700891132 /* Frameworks */ = {
			isa = PBXFrameworksBuildPhase;
			buildActionMask = 2147483647;
			files = (
			);
			runOnlyForDeploymentPostprocessing = 0;
		};
		58711C6C1DEBCD6700891132 /* Frameworks */ = {
			isa = PBXFrameworksBuildPhase;
			buildActionMask = 2147483647;
			files = (
			);
			runOnlyForDeploymentPostprocessing = 0;
		};
/* End PBXFrameworksBuildPhase section */

/* Begin PBXGroup section */
		58711C421DEBCD6700891132 = {
			isa = PBXGroup;
			children = (
				58711C4D1DEBCD6700891132 /* CoverFlow */,
				58711C671DEBCD6700891132 /* CoverFlowTests */,
				58711C721DEBCD6700891132 /* CoverFlowUITests */,
				58711C4C1DEBCD6700891132 /* Products */,
			);
			sourceTree = "<group>";
		};
		58711C4C1DEBCD6700891132 /* Products */ = {
			isa = PBXGroup;
			children = (
				58711C4B1DEBCD6700891132 /* CoverFlow.app */,
				58711C641DEBCD6700891132 /* CoverFlowTests.xctest */,
				58711C6F1DEBCD6700891132 /* CoverFlowUITests.xctest */,
			);
			name = Products;
			sourceTree = "<group>";
		};
		58711C4D1DEBCD6700891132 /* CoverFlow */ = {
			isa = PBXGroup;
			children = (
				58711C511DEBCD6700891132 /* AppDelegate.h */,
				58711C521DEBCD6700891132 /* AppDelegate.m */,
				58711C541DEBCD6700891132 /* ViewController.h */,
				58711C551DEBCD6700891132 /* ViewController.m */,
				58711C811DEBCF0F00891132 /* ANCollectionViewCell.h */,
				58711C821DEBCF0F00891132 /* ANCollectionViewCell.m */,
				58711C841DEBCF2E00891132 /* ANCollectionViewFlowLayout.h */,
				58711C851DEBCF2E00891132 /* ANCollectionViewFlowLayout.m */,
				58711C571DEBCD6700891132 /* Main.storyboard */,
				58711C5A1DEBCD6700891132 /* Assets.xcassets */,
				58711C5C1DEBCD6700891132 /* LaunchScreen.storyboard */,
				58711C5F1DEBCD6700891132 /* Info.plist */,
				58711C4E1DEBCD6700891132 /* Supporting Files */,
			);
			path = CoverFlow;
			sourceTree = "<group>";
		};
		58711C4E1DEBCD6700891132 /* Supporting Files */ = {
			isa = PBXGroup;
			children = (
				58711C4F1DEBCD6700891132 /* main.m */,
			);
			name = "Supporting Files";
			sourceTree = "<group>";
		};
		58711C671DEBCD6700891132 /* CoverFlowTests */ = {
			isa = PBXGroup;
			children = (
				58711C681DEBCD6700891132 /* CoverFlowTests.m */,
				58711C6A1DEBCD6700891132 /* Info.plist */,
			);
			path = CoverFlowTests;
			sourceTree = "<group>";
		};
		58711C721DEBCD6700891132 /* CoverFlowUITests */ = {
			isa = PBXGroup;
			children = (
				58711C731DEBCD6700891132 /* CoverFlowUITests.m */,
				58711C751DEBCD6700891132 /* Info.plist */,
			);
			path = CoverFlowUITests;
			sourceTree = "<group>";
		};
/* End PBXGroup section */

/* Begin PBXNativeTarget section */
		58711C4A1DEBCD6700891132 /* CoverFlow */ = {
			isa = PBXNativeTarget;
			buildConfigurationList = 58711C781DEBCD6700891132 /* Build configuration list for PBXNativeTarget "CoverFlow" */;
			buildPhases = (
				58711C471DEBCD6700891132 /* Sources */,
				58711C481DEBCD6700891132 /* Frameworks */,
				58711C491DEBCD6700891132 /* Resources */,
			);
			buildRules = (
			);
			dependencies = (
			);
			name = CoverFlow;
			productName = CoverFlow;
			productReference = 58711C4B1DEBCD6700891132 /* CoverFlow.app */;
			productType = "com.apple.product-type.application";
		};
		58711C631DEBCD6700891132 /* CoverFlowTests */ = {
			isa = PBXNativeTarget;
			buildConfigurationList = 58711C7B1DEBCD6700891132 /* Build configuration list for PBXNativeTarget "CoverFlowTests" */;
			buildPhases = (
				58711C601DEBCD6700891132 /* Sources */,
				58711C611DEBCD6700891132 /* Frameworks */,
				58711C621DEBCD6700891132 /* Resources */,
			);
			buildRules = (
			);
			dependencies = (
				58711C661DEBCD6700891132 /* PBXTargetDependency */,
			);
			name = CoverFlowTests;
			productName = CoverFlowTests;
			productReference = 58711C641DEBCD6700891132 /* CoverFlowTests.xctest */;
			productType = "com.apple.product-type.bundle.unit-test";
		};
		58711C6E1DEBCD6700891132 /* CoverFlowUITests */ = {
			isa = PBXNativeTarget;
			buildConfigurationList = 58711C7E1DEBCD6700891132 /* Build configuration list for PBXNativeTarget "CoverFlowUITests" */;
			buildPhases = (
				58711C6B1DEBCD6700891132 /* Sources */,
				58711C6C1DEBCD6700891132 /* Frameworks */,
				58711C6D1DEBCD6700891132 /* Resources */,
			);
			buildRules = (
			);
			dependencies = (
				58711C711DEBCD6700891132 /* PBXTargetDependency */,
			);
			name = CoverFlowUITests;
			productName = CoverFlowUITests;
			productReference = 58711C6F1DEBCD6700891132 /* CoverFlowUITests.xctest */;
			productType = "com.apple.product-type.bundle.ui-testing";
		};
/* End PBXNativeTarget section */

/* Begin PBXProject section */
		58711C431DEBCD6700891132 /* Project object */ = {
			isa = PBXProject;
			attributes = {
				CLASSPREFIX = AN;
				LastUpgradeCheck = 0810;
				ORGANIZATIONNAME = "斯芬克斯";
				TargetAttributes = {
					58711C4A1DEBCD6700891132 = {
						CreatedOnToolsVersion = 8.1;
						DevelopmentTeam = 8D4RL36BFB;
						ProvisioningStyle = Automatic;
					};
					58711C631DEBCD6700891132 = {
						CreatedOnToolsVersion = 8.1;
						DevelopmentTeam = 8D4RL36BFB;
						ProvisioningStyle = Automatic;
						TestTargetID = 58711C4A1DEBCD6700891132;
					};
					58711C6E1DEBCD6700891132 = {
						CreatedOnToolsVersion = 8.1;
						DevelopmentTeam = 8D4RL36BFB;
						ProvisioningStyle = Automatic;
						TestTargetID = 58711C4A1DEBCD6700891132;
					};
				};
			};
			buildConfigurationList = 58711C461DEBCD6700891132 /* Build configuration list for PBXProject "CoverFlow" */;
			compatibilityVersion = "Xcode 3.2";
			developmentRegion = English;
			hasScannedForEncodings = 0;
			knownRegions = (
				en,
				Base,
			);
			mainGroup = 58711C421DEBCD6700891132;
			productRefGroup = 58711C4C1DEBCD6700891132 /* Products */;
			projectDirPath = "";
			projectRoot = "";
			targets = (
				58711C4A1DEBCD6700891132 /* CoverFlow */,
				58711C631DEBCD6700891132 /* CoverFlowTests */,
				58711C6E1DEBCD6700891132 /* CoverFlowUITests */,
			);
		};
/* End PBXProject section */

/* Begin PBXResourcesBuildPhase section */
		58711C491DEBCD6700891132 /* Resources */ = {
			isa = PBXResourcesBuildPhase;
			buildActionMask = 2147483647;
			files = (
				58711C5E1DEBCD6700891132 /* LaunchScreen.storyboard in Resources */,
				58711C5B1DEBCD6700891132 /* Assets.xcassets in Resources */,
				58711C591DEBCD6700891132 /* Main.storyboard in Resources */,
			);
			runOnlyForDeploymentPostprocessing = 0;
		};
		58711C621DEBCD6700891132 /* Resources */ = {
			isa = PBXResourcesBuildPhase;
			buildActionMask = 2147483647;
			files = (
			);
			runOnlyForDeploymentPostprocessing = 0;
		};
		58711C6D1DEBCD6700891132 /* Resources */ = {
			isa = PBXResourcesBuildPhase;
			buildActionMask = 2147483647;
			files = (
			);
			runOnlyForDeploymentPostprocessing = 0;
		};
/* End PBXResourcesBuildPhase section */

/* Begin PBXSourcesBuildPhase section */
		58711C471DEBCD6700891132 /* Sources */ = {
			isa = PBXSourcesBuildPhase;
			buildActionMask = 2147483647;
			files = (
				58711C561DEBCD6700891132 /* ViewController.m in Sources */,
				58711C531DEBCD6700891132 /* AppDelegate.m in Sources */,
				58711C501DEBCD6700891132 /* main.m in Sources */,
				58711C861DEBCF2E00891132 /* ANCollectionViewFlowLayout.m in Sources */,
				58711C831DEBCF0F00891132 /* ANCollectionViewCell.m in Sources */,
			);
			runOnlyForDeploymentPostprocessing = 0;
		};
		58711C601DEBCD6700891132 /* Sources */ = {
			isa = PBXSourcesBuildPhase;
			buildActionMask = 2147483647;
			files = (
				58711C691DEBCD6700891132 /* CoverFlowTests.m in Sources */,
			);
			runOnlyForDeploymentPostprocessing = 0;
		};
		58711C6B1DEBCD6700891132 /* Sources */ = {
			isa = PBXSourcesBuildPhase;
			buildActionMask = 2147483647;
			files = (
				58711C741DEBCD6700891132 /* CoverFlowUITests.m in Sources */,
			);
			runOnlyForDeploymentPostprocessing = 0;
		};
/* End PBXSourcesBuildPhase section */

/* Begin PBXTargetDependency section */
		58711C661DEBCD6700891132 /* PBXTargetDependency */ = {
			isa = PBXTargetDependency;
			target = 58711C4A1DEBCD6700891132 /* CoverFlow */;
			targetProxy = 58711C651DEBCD6700891132 /* PBXContainerItemProxy */;
		};
		58711C711DEBCD6700891132 /* PBXTargetDependency */ = {
			isa = PBXTargetDependency;
			target = 58711C4A1DEBCD6700891132 /* CoverFlow */;
			targetProxy = 58711C701DEBCD6700891132 /* PBXContainerItemProxy */;
		};
/* End PBXTargetDependency section */

/* Begin PBXVariantGroup section */
		58711C571DEBCD6700891132 /* Main.storyboard */ = {
			isa = PBXVariantGroup;
			children = (
				58711C581DEBCD6700891132 /* Base */,
			);
			name = Main.storyboard;
			sourceTree = "<group>";
		};
		58711C5C1DEBCD6700891132 /* LaunchScreen.storyboard */ = {
			isa = PBXVariantGroup;
			children = (
				58711C5D1DEBCD6700891132 /* Base */,
			);
			name = LaunchScreen.storyboard;
			sourceTree = "<group>";
		};
/* End PBXVariantGroup section */

/* Begin XCBuildConfiguration section */
		58711C761DEBCD6700891132 /* Debug */ = {
			isa = XCBuildConfiguration;
			buildSettings = {
				ALWAYS_SEARCH_USER_PATHS = NO;
				CLANG_ANALYZER_NONNULL = YES;
				CLANG_CXX_LANGUAGE_STANDARD = "gnu++0x";
				CLANG_CXX_LIBRARY = "libc++";
				CLANG_ENABLE_MODULES = YES;
				CLANG_ENABLE_OBJC_ARC = YES;
				CLANG_WARN_BOOL_CONVERSION = YES;
				CLANG_WARN_CONSTANT_CONVERSION = YES;
				CLANG_WARN_DIRECT_OBJC_ISA_USAGE = YES_ERROR;
				CLANG_WARN_DOCUMENTATION_COMMENTS = YES;
				CLANG_WARN_EMPTY_BODY = YES;
				CLANG_WARN_ENUM_CONVERSION = YES;
				CLANG_WARN_INFINITE_RECURSION = YES;
				CLANG_WARN_INT_CONVERSION = YES;
				CLANG_WARN_OBJC_ROOT_CLASS = YES_ERROR;
				CLANG_WARN_SUSPICIOUS_MOVES = YES;
				CLANG_WARN_UNREACHABLE_CODE = YES;
				CLANG_WARN__DUPLICATE_METHOD_MATCH = YES;
				"CODE_SIGN_IDENTITY[sdk=iphoneos*]" = "iPhone Developer";
				COPY_PHASE_STRIP = NO;
				DEBUG_INFORMATION_FORMAT = dwarf;
				ENABLE_STRICT_OBJC_MSGSEND = YES;
				ENABLE_TESTABILITY = YES;
				GCC_C_LANGUAGE_STANDARD = gnu99;
				GCC_DYNAMIC_NO_PIC = NO;
				GCC_NO_COMMON_BLOCKS = YES;
				GCC_OPTIMIZATION_LEVEL = 0;
				GCC_PREPROCESSOR_DEFINITIONS = (
					"DEBUG=1",
					"$(inherited)",
				);
				GCC_WARN_64_TO_32_BIT_CONVERSION = YES;
				GCC_WARN_ABOUT_RETURN_TYPE = YES_ERROR;
				GCC_WARN_UNDECLARED_SELECTOR = YES;
				GCC_WARN_UNINITIALIZED_AUTOS = YES_AGGRESSIVE;
				GCC_WARN_UNUSED_FUNCTION = YES;
				GCC_WARN_UNUSED_VARIABLE = YES;
				IPHONEOS_DEPLOYMENT_TARGET = 10.1;
				MTL_ENABLE_DEBUG_INFO = YES;
				ONLY_ACTIVE_ARCH = YES;
				SDKROOT = iphoneos;
			};
			name = Debug;
		};
		58711C771DEBCD6700891132 /* Release */ = {
			isa = XCBuildConfiguration;
			buildSettings = {
				ALWAYS_SEARCH_USER_PATHS = NO;
				CLANG_ANALYZER_NONNULL = YES;
				CLANG_CXX_LANGUAGE_STANDARD = "gnu++0x";
				CLANG_CXX_LIBRARY = "libc++";
				CLANG_ENABLE_MODULES = YES;
				CLANG_ENABLE_OBJC_ARC = YES;
				CLANG_WARN_BOOL_CONVERSION = YES;
				CLANG_WARN_CONSTANT_CONVERSION = YES;
				CLANG_WARN_DIRECT_OBJC_ISA_USAGE = YES_ERROR;
				CLANG_WARN_DOCUMENTATION_COMMENTS = YES;
				CLANG_WARN_EMPTY_BODY = YES;
				CLANG_WARN_ENUM_CONVERSION = YES;
				CLANG_WARN_INFINITE_RECURSION = YES;
				CLANG_WARN_INT_CONVERSION = YES;
				CLANG_WARN_OBJC_ROOT_CLASS = YES_ERROR;
				CLANG_WARN_SUSPICIOUS_MOVES = YES;
				CLANG_WARN_UNREACHABLE_CODE = YES;
				CLANG_WARN__DUPLICATE_METHOD_MATCH = YES;
				"CODE_SIGN_IDENTITY[sdk=iphoneos*]" = "iPhone Developer";
				COPY_PHASE_STRIP = NO;
				DEBUG_INFORMATION_FORMAT = "dwarf-with-dsym";
				ENABLE_NS_ASSERTIONS = NO;
				ENABLE_STRICT_OBJC_MSGSEND = YES;
				GCC_C_LANGUAGE_STANDARD = gnu99;
				GCC_NO_COMMON_BLOCKS = YES;
				GCC_WARN_64_TO_32_BIT_CONVERSION = YES;
				GCC_WARN_ABOUT_RETURN_TYPE = YES_ERROR;
				GCC_WARN_UNDECLARED_SELECTOR = YES;
				GCC_WARN_UNINITIALIZED_AUTOS = YES_AGGRESSIVE;
				GCC_WARN_UNUSED_FUNCTION = YES;
				GCC_WARN_UNUSED_VARIABLE = YES;
				IPHONEOS_DEPLOYMENT_TARGET = 10.1;
				MTL_ENABLE_DEBUG_INFO = NO;
				SDKROOT = iphoneos;
				VALIDATE_PRODUCT = YES;
			};
			name = Release;
		};
		58711C791DEBCD6700891132 /* Debug */ = {
			isa = XCBuildConfiguration;
			buildSettings = {
				ASSETCATALOG_COMPILER_APPICON_NAME = AppIcon;
				DEVELOPMENT_TEAM = 8D4RL36BFB;
				INFOPLIST_FILE = CoverFlow/Info.plist;
				LD_RUNPATH_SEARCH_PATHS = "$(inherited) @executable_path/Frameworks";
				PRODUCT_BUNDLE_IDENTIFIER = CC.CoverFlow;
				PRODUCT_NAME = "$(TARGET_NAME)";
			};
			name = Debug;
		};
		58711C7A1DEBCD6700891132 /* Release */ = {
			isa = XCBuildConfiguration;
			buildSettings = {
				ASSETCATALOG_COMPILER_APPICON_NAME = AppIcon;
				DEVELOPMENT_TEAM = 8D4RL36BFB;
				INFOPLIST_FILE = CoverFlow/Info.plist;
				LD_RUNPATH_SEARCH_PATHS = "$(inherited) @executable_path/Frameworks";
				PRODUCT_BUNDLE_IDENTIFIER = CC.CoverFlow;
				PRODUCT_NAME = "$(TARGET_NAME)";
			};
			name = Release;
		};
		58711C7C1DEBCD6700891132 /* Debug */ = {
			isa = XCBuildConfiguration;
			buildSettings = {
				BUNDLE_LOADER = "$(TEST_HOST)";
				DEVELOPMENT_TEAM = 8D4RL36BFB;
				INFOPLIST_FILE = CoverFlowTests/Info.plist;
				LD_RUNPATH_SEARCH_PATHS = "$(inherited) @executable_path/Frameworks @loader_path/Frameworks";
				PRODUCT_BUNDLE_IDENTIFIER = CC.CoverFlowTests;
				PRODUCT_NAME = "$(TARGET_NAME)";
				TEST_HOST = "$(BUILT_PRODUCTS_DIR)/CoverFlow.app/CoverFlow";
			};
			name = Debug;
		};
		58711C7D1DEBCD6700891132 /* Release */ = {
			isa = XCBuildConfiguration;
			buildSettings = {
				BUNDLE_LOADER = "$(TEST_HOST)";
				DEVELOPMENT_TEAM = 8D4RL36BFB;
				INFOPLIST_FILE = CoverFlowTests/Info.plist;
				LD_RUNPATH_SEARCH_PATHS = "$(inherited) @executable_path/Frameworks @loader_path/Frameworks";
				PRODUCT_BUNDLE_IDENTIFIER = CC.CoverFlowTests;
				PRODUCT_NAME = "$(TARGET_NAME)";
				TEST_HOST = "$(BUILT_PRODUCTS_DIR)/CoverFlow.app/CoverFlow";
			};
			name = Release;
		};
		58711C7F1DEBCD6700891132 /* Debug */ = {
			isa = XCBuildConfiguration;
			buildSettings = {
				DEVELOPMENT_TEAM = 8D4RL36BFB;
				INFOPLIST_FILE = CoverFlowUITests/Info.plist;
				LD_RUNPATH_SEARCH_PATHS = "$(inherited) @executable_path/Frameworks @loader_path/Frameworks";
				PRODUCT_BUNDLE_IDENTIFIER = CC.CoverFlowUITests;
				PRODUCT_NAME = "$(TARGET_NAME)";
				TEST_TARGET_NAME = CoverFlow;
			};
			name = Debug;
		};
		58711C801DEBCD6700891132 /* Release */ = {
			isa = XCBuildConfiguration;
			buildSettings = {
				DEVELOPMENT_TEAM = 8D4RL36BFB;
				INFOPLIST_FILE = CoverFlowUITests/Info.plist;
				LD_RUNPATH_SEARCH_PATHS = "$(inherited) @executable_path/Frameworks @loader_path/Frameworks";
				PRODUCT_BUNDLE_IDENTIFIER = CC.CoverFlowUITests;
				PRODUCT_NAME = "$(TARGET_NAME)";
				TEST_TARGET_NAME = CoverFlow;
			};
			name = Release;
		};
/* End XCBuildConfiguration section */

/* Begin XCConfigurationList section */
		58711C461DEBCD6700891132 /* Build configuration list for PBXProject "CoverFlow" */ = {
			isa = XCConfigurationList;
			buildConfigurations = (
				58711C761DEBCD6700891132 /* Debug */,
				58711C771DEBCD6700891132 /* Release */,
			);
			defaultConfigurationIsVisible = 0;
			defaultConfigurationName = Release;
		};
		58711C781DEBCD6700891132 /* Build configuration list for PBXNativeTarget "CoverFlow" */ = {
			isa = XCConfigurationList;
			buildConfigurations = (
				58711C791DEBCD6700891132 /* Debug */,
				58711C7A1DEBCD6700891132 /* Release */,
			);
			defaultConfigurationIsVisible = 0;
		};
		58711C7B1DEBCD6700891132 /* Build configuration list for PBXNativeTarget "CoverFlowTests" */ = {
			isa = XCConfigurationList;
			buildConfigurations = (
				58711C7C1DEBCD6700891132 /* Debug */,
				58711C7D1DEBCD6700891132 /* Release */,
			);
			defaultConfigurationIsVisible = 0;
		};
		58711C7E1DEBCD6700891132 /* Build configuration list for PBXNativeTarget "CoverFlowUITests" */ = {
			isa = XCConfigurationList;
			buildConfigurations = (
				58711C7F1DEBCD6700891132 /* Debug */,
				58711C801DEBCD6700891132 /* Release */,
			);
			defaultConfigurationIsVisible = 0;
		};
/* End XCConfigurationList section */
	};
	rootObject = 58711C431DEBCD6700891132 /* Project object */;
}
